# THIS IS AN AUTOGENERATED FILE. DO NOT EDIT THIS FILE DIRECTLY.
# yarn lockfile v1


react-expand-animated@^1.0.1:
  version "1.0.1"
  resolved "https://registry.yarnpkg.com/react-expand-animated/-/react-expand-animated-1.0.1.tgz#62c9293f73fa15ff43170a94d21b81407cfb1177"
  integrity sha512-fxi6lQwP/OmZWMKvPmWcqpeos0Mnu0gscszf9Y/m62aMPXa3L5bgGQDd0sm8lonRO+qs+oXZgON2TjQ3ZU5ARA==
